{
  "name": "liufei_analysis_work_book",
  "lockfileVersion": 3,
  "requires": true,
  "packages": {
    "node_modules/gitbook-plugin-theme-comscore": {
      "version": "0.0.3",
      "resolved": "https://registry.npmjs.org/gitbook-plugin-theme-comscore/-/gitbook-plugin-theme-comscore-0.0.3.tgz",
      "integrity": "sha512-GNxYW3n10Pa6EAGx+7+dDVcyf7VambzyO6Mt5Y3x62fntyIOQWtqX46RgMZuhHbOtIeN/BR6T0DKlwoeUhmY0w==",
      "dev": true,
      "engines": {
        "gitbook": "*"
      }
    }
  }
}
